{
  "name": "@hope-ui/site",
  "version": "0.0.1",
  "lockfileVersion": 2,
  "requires": true,
  "packages": {
    "": {
      "name": "@hope-ui/site",
      "version": "0.0.1",
      "dependencies": {
        "@felte/solid": "1.1.4",
        "@felte/validator-yup": "1.0.3",
        "@hope-ui/solid": "*",
        "@stitches/core": "1.2.7",
        "prism-themes": "1.9.0",
        "prismjs": "1.27.0",
        "solid-app-router": "0.2.1",
        "solid-js": "1.3.12",
        "solid-transition-group": "0.0.8",
        "yup": "0.32.11"
      }
    },
    "node_modules/@babel/runtime": {
      "version": "7.17.9",
      "resolved": "https://registry.npmjs.org/@babel/runtime/-/runtime-7.17.9.tgz",
      "integrity": "sha512-lSiBBvodq29uShpWGNbgFdKYNiFDo5/HIYsaCEY9ff4sb10x9jizo2+pRrSyF4jKZCXqgzuqBOQKbUm90gQwJg==",
      "dependencies": {
        "regenerator-runtime": "^0.13.4"
      },
      "engines": {
        "node": ">=6.9.0"
      }
    },
    "node_modules/@felte/common": {
      "version": "1.0.3",
      "resolved": "https://registry.npmjs.org/@felte/common/-/common-1.0.3.tgz",
      "integrity": "sha512-uOs9c9wHnfgKWsAqkUrcf2xY3zGu7JwgdgBn2ThFMJOxsdmR5GukckuRBlG0tdSSKg2UqdnWSE7IavCzBqCNMA==",
      "engines": {
        "node": "^12.20.0 || ^14.13.1 || >=16.0.0"
      }
    },
    "node_modules/@felte/core": {
      "version": "1.2.2",
      "resolved": "https://registry.npmjs.org/@felte/core/-/core-1.2.2.tgz",
      "integrity": "sha512-284vQbhoTAja+S4+zHsb3IZOt5ti2kpwen45evpjJiBKYu8APJ62MxTxVBDCwkiN1S1qL8J/qZzU4IdXdr3bUA==",
      "dependencies": {
        "@felte/common": "1.0.3"
      },
      "engines": {
        "node": "^12.20.0 || ^14.13.1 || >=16.0.0"
      }
    },
    "node_modules/@felte/solid": {
      "version": "1.1.4",
      "resolved": "https://registry.npmjs.org/@felte/solid/-/solid-1.1.4.tgz",
      "integrity": "sha512-KKxpSUVPdQj99+SJ8tAZqRMq2TvWPcUwmnDA+UWiwNXnNxfisF7ee34gHsUzsAJERI/1W7Hmsqv16iCFwD/8nQ==",
      "dependencies": {
        "@felte/core": "1.2.2"
      },
      "engines": {
        "node": "^12.20.0 || ^14.13.1 || >=16.0.0"
      },
      "peerDependencies": {
        "solid-js": "^1.2.0"
      }
    },
    "node_modules/@felte/validator-yup": {
      "version": "1.0.3",
      "resolved": "https://registry.npmjs.org/@felte/validator-yup/-/validator-yup-1.0.3.tgz",
      "integrity": "sha512-h5oF6+Z1/0lb+iU1SHFKQjocy316cA30NeINBkB8CwxQKsjcfgyH6F8cxjsswfhSerI+Om7MPt4StqjfmLB9tg==",
      "dependencies": {
        "@felte/common": "1.0.3"
      },
      "engines": {
        "node": "^12.20.0 || ^14.13.1 || >=16.0.0"
      },
      "peerDependencies": {
        "yup": "^0.32.9"
      }
    },
    "node_modules/@floating-ui/core": {
      "version": "0.6.1",
      "resolved": "https://registry.npmjs.org/@floating-ui/core/-/core-0.6.1.tgz",
      "integrity": "sha512-Y30eVMcZva8o84c0HcXAtDO4BEzPJMvF6+B7x7urL2xbAqVsGJhojOyHLaoQHQYjb6OkqRq5kO+zeySycQwKqg=="
    },
    "node_modules/@floating-ui/dom": {
      "version": "0.4.0",
      "resolved": "https://registry.npmjs.org/@floating-ui/dom/-/dom-0.4.0.tgz",
      "integrity": "sha512-sfbZCY30r2u9f6h2wBtFtvhlSLP2nUuwsj7feTvZLtxhbrVd+/43jrW1d2OHWfeqx8oUTbCQdO5Z7td9DffOkg==",
      "dependencies": {
        "@floating-ui/core": "^0.6.0"
      }
    },
    "node_modules/@hope-ui/solid": {
      "version": "0.4.0",
      "resolved": "https://registry.npmjs.org/@hope-ui/solid/-/solid-0.4.0.tgz",
      "integrity": "sha512-mdsQzPcLg2/kQdZ0T1e+OlFoyQK+Ynf43I5vxpoGMRD9opFU3uUBjljco9XJ16WjyDKaXG//qlvVNFwdcOagYQ==",
      "dependencies": {
        "@floating-ui/dom": "0.4.0",
        "csstype": "3.0.10",
        "focus-trap": "6.7.3",
        "lodash.merge": "4.6.2",
        "scroll-lock": "2.1.5"
      },
      "peerDependencies": {
        "@stitches/core": "^1.2.7",
        "solid-js": "^1.3.12",
        "solid-transition-group": "^0.0.8"
      }
    },
    "node_modules/@stitches/core": {
      "version": "1.2.7",
      "resolved": "https://registry.npmjs.org/@stitches/core/-/core-1.2.7.tgz",
      "integrity": "sha512-2bSto+jqPjeODcdNvwuXduhUH5b1bROmGNSBj/EVOGk8a8dIdCnoZyXYSxdKlKA9SnedBg94qNO0QQAMvTAz3w=="
    },
    "node_modules/@types/lodash": {
      "version": "4.14.181",
      "resolved": "https://registry.npmjs.org/@types/lodash/-/lodash-4.14.181.tgz",
      "integrity": "sha512-n3tyKthHJbkiWhDZs3DkhkCzt2MexYHXlX0td5iMplyfwketaOeKboEVBqzceH7juqvEg3q5oUoBFxSLu7zFag=="
    },
    "node_modules/csstype": {
      "version": "3.0.10",
      "resolved": "https://registry.npmjs.org/csstype/-/csstype-3.0.10.tgz",
      "integrity": "sha512-2u44ZG2OcNUO9HDp/Jl8C07x6pU/eTR3ncV91SiK3dhG9TWvRVsCoJw14Ckx5DgWkzGA3waZWO3d7pgqpUI/XA=="
    },
    "node_modules/focus-trap": {
      "version": "6.7.3",
      "resolved": "https://registry.npmjs.org/focus-trap/-/focus-trap-6.7.3.tgz",
      "integrity": "sha512-8xCEKndV4KrseGhFKKKmczVA14yx1/hnmFICPOjcFjToxCJYj/NHH43tPc3YE/PLnLRNZoFug0EcWkGQde/miQ==",
      "dependencies": {
        "tabbable": "^5.2.1"
      }
    },
    "node_modules/lodash": {
      "version": "4.17.21",
      "resolved": "https://registry.npmjs.org/lodash/-/lodash-4.17.21.tgz",
      "integrity": "sha512-v2kDEe57lecTulaDIuNTPy3Ry4gLGJ6Z1O3vE1krgXZNrsQ+LFTGHVxVjcXPs17LhbZVGedAJv8XZ1tvj5FvSg=="
    },
    "node_modules/lodash-es": {
      "version": "4.17.21",
      "resolved": "https://registry.npmjs.org/lodash-es/-/lodash-es-4.17.21.tgz",
      "integrity": "sha512-mKnC+QJ9pWVzv+C4/U3rRsHapFfHvQFoFB92e52xeyGMcX6/OlIl78je1u8vePzYZSkkogMPJ2yjxxsb89cxyw=="
    },
    "node_modules/lodash.merge": {
      "version": "4.6.2",
      "resolved": "https://registry.npmjs.org/lodash.merge/-/lodash.merge-4.6.2.tgz",
      "integrity": "sha512-0KpjqXRVvrYyCsX1swR/XTK0va6VQkQM6MNo7PqW77ByjAhoARA8EfrP1N4+KlKj8YS0ZUCtRT/YUuhyYDujIQ=="
    },
    "node_modules/nanoclone": {
      "version": "0.2.1",
      "resolved": "https://registry.npmjs.org/nanoclone/-/nanoclone-0.2.1.tgz",
      "integrity": "sha512-wynEP02LmIbLpcYw8uBKpcfF6dmg2vcpKqxeH5UcoKEYdExslsdUA4ugFauuaeYdTB76ez6gJW8XAZ6CgkXYxA=="
    },
    "node_modules/prism-themes": {
      "version": "1.9.0",
      "resolved": "https://registry.npmjs.org/prism-themes/-/prism-themes-1.9.0.tgz",
      "integrity": "sha512-tX2AYsehKDw1EORwBps+WhBFKc2kxfoFpQAjxBndbZKr4fRmMkv47XN0BghC/K1qwodB1otbe4oF23vUTFDokw=="
    },
    "node_modules/prismjs": {
      "version": "1.27.0",
      "resolved": "https://registry.npmjs.org/prismjs/-/prismjs-1.27.0.tgz",
      "integrity": "sha512-t13BGPUlFDR7wRB5kQDG4jjl7XeuH6jbJGt11JHPL96qwsEHNX2+68tFXqc1/k+/jALsbSWJKUOT/hcYAZ5LkA==",
      "engines": {
        "node": ">=6"
      }
    },
    "node_modules/property-expr": {
      "version": "2.0.5",
      "resolved": "https://registry.npmjs.org/property-expr/-/property-expr-2.0.5.tgz",
      "integrity": "sha512-IJUkICM5dP5znhCckHSv30Q4b5/JA5enCtkRHYaOVOAocnH/1BQEYTC5NMfT3AVl/iXKdr3aqQbQn9DxyWknwA=="
    },
    "node_modules/regenerator-runtime": {
      "version": "0.13.9",
      "resolved": "https://registry.npmjs.org/regenerator-runtime/-/regenerator-runtime-0.13.9.tgz",
      "integrity": "sha512-p3VT+cOEgxFsRRA9X4lkI1E+k2/CtnKtU4gcxyaCUreilL/vqI6CdZ3wxVUx3UOUg+gnUOQQcRI7BmSI656MYA=="
    },
    "node_modules/scroll-lock": {
      "version": "2.1.5",
      "resolved": "https://registry.npmjs.org/scroll-lock/-/scroll-lock-2.1.5.tgz",
      "integrity": "sha512-GN8Lp0AzXbkrPFUUNkMUruiiv019UvarNKE/SnXi+AxZRjMnDc2R22VB9RcUtL4P/uub04cKibmpHKIKTyWwYQ=="
    },
    "node_modules/solid-app-router": {
      "version": "0.2.1",
      "resolved": "https://registry.npmjs.org/solid-app-router/-/solid-app-router-0.2.1.tgz",
      "integrity": "sha512-ENkhw3EF6MbkOuhRuCvmALtXs2x/fjvQw1ZSQP3ON7l6q6+QqTT8d0oZf6r5VYS95IIlevSSJNnAwvc1+Fx6Hw==",
      "peerDependencies": {
        "solid-js": "^1.3.0"
      }
    },
    "node_modules/solid-js": {
      "version": "1.3.12",
      "resolved": "https://registry.npmjs.org/solid-js/-/solid-js-1.3.12.tgz",
      "integrity": "sha512-JnIoF5f40WR8LTEU1McFz/xVnXT3bGyBIme7gFbGj2ch6wXg+vcfbbhc2mz6YaLJIt8NEU+wAg8v+6SX3ZP9mA=="
    },
    "node_modules/solid-transition-group": {
      "version": "0.0.8",
      "resolved": "https://registry.npmjs.org/solid-transition-group/-/solid-transition-group-0.0.8.tgz",
      "integrity": "sha512-5cS/Ircfs/Y0J00oEToL+MWd9V07KgQlw+qRD8kpd6azb2Ri5SjXg/ocqT8U8Wgdx1VQPx45HyopQN+UumkVGQ==",
      "peerDependencies": {
        "solid-js": "^1.0.0"
      }
    },
    "node_modules/tabbable": {
      "version": "5.2.1",
      "resolved": "https://registry.npmjs.org/tabbable/-/tabbable-5.2.1.tgz",
      "integrity": "sha512-40pEZ2mhjaZzK0BnI+QGNjJO8UYx9pP5v7BGe17SORTO0OEuuaAwQTkAp8whcZvqon44wKFOikD+Al11K3JICQ=="
    },
    "node_modules/toposort": {
      "version": "2.0.2",
      "resolved": "https://registry.npmjs.org/toposort/-/toposort-2.0.2.tgz",
      "integrity": "sha1-riF2gXXRVZ1IvvNUILL0li8JwzA="
    },
    "node_modules/yup": {
      "version": "0.32.11",
      "resolved": "https://registry.npmjs.org/yup/-/yup-0.32.11.tgz",
      "integrity": "sha512-Z2Fe1bn+eLstG8DRR6FTavGD+MeAwyfmouhHsIUgaADz8jvFKbO/fXc2trJKZg+5EBjh4gGm3iU/t3onKlXHIg==",
      "dependencies": {
        "@babel/runtime": "^7.15.4",
        "@types/lodash": "^4.14.175",
        "lodash": "^4.17.21",
        "lodash-es": "^4.17.21",
        "nanoclone": "^0.2.1",
        "property-expr": "^2.0.4",
        "toposort": "^2.0.2"
      },
      "engines": {
        "node": ">=10"
      }
    }
  },
  "dependencies": {
    "@babel/runtime": {
      "version": "7.17.9",
      "resolved": "https://registry.npmjs.org/@babel/runtime/-/runtime-7.17.9.tgz",
      "integrity": "sha512-lSiBBvodq29uShpWGNbgFdKYNiFDo5/HIYsaCEY9ff4sb10x9jizo2+pRrSyF4jKZCXqgzuqBOQKbUm90gQwJg==",
      "requires": {
        "regenerator-runtime": "^0.13.4"
      }
    },
    "@felte/common": {
      "version": "1.0.3",
      "resolved": "https://registry.npmjs.org/@felte/common/-/common-1.0.3.tgz",
      "integrity": "sha512-uOs9c9wHnfgKWsAqkUrcf2xY3zGu7JwgdgBn2ThFMJOxsdmR5GukckuRBlG0tdSSKg2UqdnWSE7IavCzBqCNMA=="
    },
    "@felte/core": {
      "version": "1.2.2",
      "resolved": "https://registry.npmjs.org/@felte/core/-/core-1.2.2.tgz",
      "integrity": "sha512-284vQbhoTAja+S4+zHsb3IZOt5ti2kpwen45evpjJiBKYu8APJ62MxTxVBDCwkiN1S1qL8J/qZzU4IdXdr3bUA==",
      "requires": {
        "@felte/common": "1.0.3"
      }
    },
    "@felte/solid": {
      "version": "1.1.4",
      "resolved": "https://registry.npmjs.org/@felte/solid/-/solid-1.1.4.tgz",
      "integrity": "sha512-KKxpSUVPdQj99+SJ8tAZqRMq2TvWPcUwmnDA+UWiwNXnNxfisF7ee34gHsUzsAJERI/1W7Hmsqv16iCFwD/8nQ==",
      "requires": {
        "@felte/core": "1.2.2"
      }
    },
    "@felte/validator-yup": {
      "version": "1.0.3",
      "resolved": "https://registry.npmjs.org/@felte/validator-yup/-/validator-yup-1.0.3.tgz",
      "integrity": "sha512-h5oF6+Z1/0lb+iU1SHFKQjocy316cA30NeINBkB8CwxQKsjcfgyH6F8cxjsswfhSerI+Om7MPt4StqjfmLB9tg==",
      "requires": {
        "@felte/common": "1.0.3"
      }
    },
    "@floating-ui/core": {
      "version": "0.6.1",
      "resolved": "https://registry.npmjs.org/@floating-ui/core/-/core-0.6.1.tgz",
      "integrity": "sha512-Y30eVMcZva8o84c0HcXAtDO4BEzPJMvF6+B7x7urL2xbAqVsGJhojOyHLaoQHQYjb6OkqRq5kO+zeySycQwKqg=="
    },
    "@floating-ui/dom": {
      "version": "0.4.0",
      "resolved": "https://registry.npmjs.org/@floating-ui/dom/-/dom-0.4.0.tgz",
      "integrity": "sha512-sfbZCY30r2u9f6h2wBtFtvhlSLP2nUuwsj7feTvZLtxhbrVd+/43jrW1d2OHWfeqx8oUTbCQdO5Z7td9DffOkg==",
      "requires": {
        "@floating-ui/core": "^0.6.0"
      }
    },
    "@hope-ui/solid": {
      "version": "0.4.0",
      "resolved": "https://registry.npmjs.org/@hope-ui/solid/-/solid-0.4.0.tgz",
      "integrity": "sha512-mdsQzPcLg2/kQdZ0T1e+OlFoyQK+Ynf43I5vxpoGMRD9opFU3uUBjljco9XJ16WjyDKaXG//qlvVNFwdcOagYQ==",
      "requires": {
        "@floating-ui/dom": "0.4.0",
        "csstype": "3.0.10",
        "focus-trap": "6.7.3",
        "lodash.merge": "4.6.2",
        "scroll-lock": "2.1.5"
      }
    },
    "@stitches/core": {
      "version": "1.2.7",
      "resolved": "https://registry.npmjs.org/@stitches/core/-/core-1.2.7.tgz",
      "integrity": "sha512-2bSto+jqPjeODcdNvwuXduhUH5b1bROmGNSBj/EVOGk8a8dIdCnoZyXYSxdKlKA9SnedBg94qNO0QQAMvTAz3w=="
    },
    "@types/lodash": {
      "version": "4.14.181",
      "resolved": "https://registry.npmjs.org/@types/lodash/-/lodash-4.14.181.tgz",
      "integrity": "sha512-n3tyKthHJbkiWhDZs3DkhkCzt2MexYHXlX0td5iMplyfwketaOeKboEVBqzceH7juqvEg3q5oUoBFxSLu7zFag=="
    },
    "csstype": {
      "version": "3.0.10",
      "resolved": "https://registry.npmjs.org/csstype/-/csstype-3.0.10.tgz",
      "integrity": "sha512-2u44ZG2OcNUO9HDp/Jl8C07x6pU/eTR3ncV91SiK3dhG9TWvRVsCoJw14Ckx5DgWkzGA3waZWO3d7pgqpUI/XA=="
    },
    "focus-trap": {
      "version": "6.7.3",
      "resolved": "https://registry.npmjs.org/focus-trap/-/focus-trap-6.7.3.tgz",
      "integrity": "sha512-8xCEKndV4KrseGhFKKKmczVA14yx1/hnmFICPOjcFjToxCJYj/NHH43tPc3YE/PLnLRNZoFug0EcWkGQde/miQ==",
      "requires": {
        "tabbable": "^5.2.1"
      }
    },
    "lodash": {
      "version": "4.17.21",
      "resolved": "https://registry.npmjs.org/lodash/-/lodash-4.17.21.tgz",
      "integrity": "sha512-v2kDEe57lecTulaDIuNTPy3Ry4gLGJ6Z1O3vE1krgXZNrsQ+LFTGHVxVjcXPs17LhbZVGedAJv8XZ1tvj5FvSg=="
    },
    "lodash-es": {
      "version": "4.17.21",
      "resolved": "https://registry.npmjs.org/lodash-es/-/lodash-es-4.17.21.tgz",
      "integrity": "sha512-mKnC+QJ9pWVzv+C4/U3rRsHapFfHvQFoFB92e52xeyGMcX6/OlIl78je1u8vePzYZSkkogMPJ2yjxxsb89cxyw=="
    },
    "lodash.merge": {
      "version": "4.6.2",
      "resolved": "https://registry.npmjs.org/lodash.merge/-/lodash.merge-4.6.2.tgz",
      "integrity": "sha512-0KpjqXRVvrYyCsX1swR/XTK0va6VQkQM6MNo7PqW77ByjAhoARA8EfrP1N4+KlKj8YS0ZUCtRT/YUuhyYDujIQ=="
    },
    "nanoclone": {
      "version": "0.2.1",
      "resolved": "https://registry.npmjs.org/nanoclone/-/nanoclone-0.2.1.tgz",
      "integrity": "sha512-wynEP02LmIbLpcYw8uBKpcfF6dmg2vcpKqxeH5UcoKEYdExslsdUA4ugFauuaeYdTB76ez6gJW8XAZ6CgkXYxA=="
    },
    "prism-themes": {
      "version": "1.9.0",
      "resolved": "https://registry.npmjs.org/prism-themes/-/prism-themes-1.9.0.tgz",
      "integrity": "sha512-tX2AYsehKDw1EORwBps+WhBFKc2kxfoFpQAjxBndbZKr4fRmMkv47XN0BghC/K1qwodB1otbe4oF23vUTFDokw=="
    },
    "prismjs": {
      "version": "1.27.0",
      "resolved": "https://registry.npmjs.org/prismjs/-/prismjs-1.27.0.tgz",
      "integrity": "sha512-t13BGPUlFDR7wRB5kQDG4jjl7XeuH6jbJGt11JHPL96qwsEHNX2+68tFXqc1/k+/jALsbSWJKUOT/hcYAZ5LkA=="
    },
    "property-expr": {
      "version": "2.0.5",
      "resolved": "https://registry.npmjs.org/property-expr/-/property-expr-2.0.5.tgz",
      "integrity": "sha512-IJUkICM5dP5znhCckHSv30Q4b5/JA5enCtkRHYaOVOAocnH/1BQEYTC5NMfT3AVl/iXKdr3aqQbQn9DxyWknwA=="
    },
    "regenerator-runtime": {
      "version": "0.13.9",
      "resolved": "https://registry.npmjs.org/regenerator-runtime/-/regenerator-runtime-0.13.9.tgz",
      "integrity": "sha512-p3VT+cOEgxFsRRA9X4lkI1E+k2/CtnKtU4gcxyaCUreilL/vqI6CdZ3wxVUx3UOUg+gnUOQQcRI7BmSI656MYA=="
    },
    "scroll-lock": {
      "version": "2.1.5",
      "resolved": "https://registry.npmjs.org/scroll-lock/-/scroll-lock-2.1.5.tgz",
      "integrity": "sha512-GN8Lp0AzXbkrPFUUNkMUruiiv019UvarNKE/SnXi+AxZRjMnDc2R22VB9RcUtL4P/uub04cKibmpHKIKTyWwYQ=="
    },
    "solid-app-router": {
      "version": "0.2.1",
      "resolved": "https://registry.npmjs.org/solid-app-router/-/solid-app-router-0.2.1.tgz",
      "integrity": "sha512-ENkhw3EF6MbkOuhRuCvmALtXs2x/fjvQw1ZSQP3ON7l6q6+QqTT8d0oZf6r5VYS95IIlevSSJNnAwvc1+Fx6Hw==",
      "requires": {}
    },
    "solid-js": {
      "version": "1.3.12",
      "resolved": "https://registry.npmjs.org/solid-js/-/solid-js-1.3.12.tgz",
      "integrity": "sha512-JnIoF5f40WR8LTEU1McFz/xVnXT3bGyBIme7gFbGj2ch6wXg+vcfbbhc2mz6YaLJIt8NEU+wAg8v+6SX3ZP9mA=="
    },
    "solid-transition-group": {
      "version": "0.0.8",
      "resolved": "https://registry.npmjs.org/solid-transition-group/-/solid-transition-group-0.0.8.tgz",
      "integrity": "sha512-5cS/Ircfs/Y0J00oEToL+MWd9V07KgQlw+qRD8kpd6azb2Ri5SjXg/ocqT8U8Wgdx1VQPx45HyopQN+UumkVGQ==",
      "requires": {}
    },
    "tabbable": {
      "version": "5.2.1",
      "resolved": "https://registry.npmjs.org/tabbable/-/tabbable-5.2.1.tgz",
      "integrity": "sha512-40pEZ2mhjaZzK0BnI+QGNjJO8UYx9pP5v7BGe17SORTO0OEuuaAwQTkAp8whcZvqon44wKFOikD+Al11K3JICQ=="
    },
    "toposort": {
      "version": "2.0.2",
      "resolved": "https://registry.npmjs.org/toposort/-/toposort-2.0.2.tgz",
      "integrity": "sha1-riF2gXXRVZ1IvvNUILL0li8JwzA="
    },
    "yup": {
      "version": "0.32.11",
      "resolved": "https://registry.npmjs.org/yup/-/yup-0.32.11.tgz",
      "integrity": "sha512-Z2Fe1bn+eLstG8DRR6FTavGD+MeAwyfmouhHsIUgaADz8jvFKbO/fXc2trJKZg+5EBjh4gGm3iU/t3onKlXHIg==",
      "requires": {
        "@babel/runtime": "^7.15.4",
        "@types/lodash": "^4.14.175",
        "lodash": "^4.17.21",
        "lodash-es": "^4.17.21",
        "nanoclone": "^0.2.1",
        "property-expr": "^2.0.4",
        "toposort": "^2.0.2"
      }
    }
  }
}
